
Microsoft Visual Studio Solution File, Format Version 12.00
# Visual Studio Version 17
VisualStudioVersion = 17.4.33205.214
MinimumVisualStudioVersion = 10.0.40219.1
Project("{FAE04EC0-301F-11D3-BF4B-00C04F79EFBC}") = "Soma", "Soma\Soma.csproj", "{C0D7A7F2-BE38-43A7-89E7-16AD138B331B}"
EndProject
Global
	GlobalSection(SolutionConfigurationPlatforms) = preSolution
		Debug|Any CPU = Debug|Any CPU
		Release|Any CPU = Release|Any CPU
	EndGlobalSection
	GlobalSection(ProjectConfigurationPlatforms) = postSolution
		{C0D7A7F2-BE38-43A7-89E7-16AD138B331B}.Debug|Any CPU.ActiveCfg = Debug|Any CPU
		{C0D7A7F2-BE38-43A7-89E7-16AD138B331B}.Debug|Any CPU.Build.0 = Debug|Any CPU
		{C0D7A7F2-BE38-43A7-89E7-16AD138B331B}.Release|Any CPU.ActiveCfg = Release|Any CPU
		{C0D7A7F2-BE38-43A7-89E7-16AD138B331B}.Release|Any CPU.Build.0 = Release|Any CPU
	EndGlobalSection
	GlobalSection(SolutionProperties) = preSolution
		HideSolutionNode = FALSE
	EndGlobalSection
	GlobalSection(ExtensibilityGlobals) = postSolution
		SolutionGuid = {02F291D8-7FF4-42A4-B953-AAF21E764D02}
	EndGlobalSection
EndGlobal
